
Microsoft Visual Studio Solution File, Format Version 12.00
# Visual Studio Version 17
VisualStudioVersion = 17.4.33122.133
MinimumVisualStudioVersion = 10.0.40219.1
Project("{FAE04EC0-301F-11D3-BF4B-00C04F79EFBC}") = "REVIT2022EventLog", "REVIT2022EventLog\REVIT2022EventLog.csproj", "{2DFEB326-1901-4C8E-B401-CE00B2E3ED7C}"
EndProject
Global
	GlobalSection(SolutionConfigurationPlatforms) = preSolution
		Debug|Any CPU = Debug|Any CPU
		Release|Any CPU = Release|Any CPU
	EndGlobalSection
	GlobalSection(ProjectConfigurationPlatforms) = postSolution
		{2DFEB326-1901-4C8E-B401-CE00B2E3ED7C}.Debug|Any CPU.ActiveCfg = Debug|Any CPU
		{2DFEB326-1901-4C8E-B401-CE00B2E3ED7C}.Debug|Any CPU.Build.0 = Debug|Any CPU
		{2DFEB326-1901-4C8E-B401-CE00B2E3ED7C}.Release|Any CPU.ActiveCfg = Release|Any CPU
		{2DFEB326-1901-4C8E-B401-CE00B2E3ED7C}.Release|Any CPU.Build.0 = Release|Any CPU
	EndGlobalSection
	GlobalSection(SolutionProperties) = preSolution
		HideSolutionNode = FALSE
	EndGlobalSection
	GlobalSection(ExtensibilityGlobals) = postSolution
		SolutionGuid = {8D6ED948-D0E0-4F64-A2E5-F15668139B19}
	EndGlobalSection
EndGlobal
